
Microsoft Visual Studio Solution File, Format Version 12.00
# Visual Studio Version 16
VisualStudioVersion = 16.0.30225.117
MinimumVisualStudioVersion = 10.0.40219.1
Project("{FAE04EC0-301F-11D3-BF4B-00C04F79EFBC}") = "Bachelor's Housing Management Application", "Bachelor's Housing Management Application\Bachelor's Housing Management Application.csproj", "{37C227C3-F7C4-4901-BA10-4E84E93E7545}"
EndProject
Global
	GlobalSection(SolutionConfigurationPlatforms) = preSolution
		Debug|Any CPU = Debug|Any CPU
		Release|Any CPU = Release|Any CPU
	EndGlobalSection
	GlobalSection(ProjectConfigurationPlatforms) = postSolution
		{37C227C3-F7C4-4901-BA10-4E84E93E7545}.Debug|Any CPU.ActiveCfg = Debug|Any CPU
		{37C227C3-F7C4-4901-BA10-4E84E93E7545}.Debug|Any CPU.Build.0 = Debug|Any CPU
		{37C227C3-F7C4-4901-BA10-4E84E93E7545}.Release|Any CPU.ActiveCfg = Release|Any CPU
		{37C227C3-F7C4-4901-BA10-4E84E93E7545}.Release|Any CPU.Build.0 = Release|Any CPU
	EndGlobalSection
	GlobalSection(SolutionProperties) = preSolution
		HideSolutionNode = FALSE
	EndGlobalSection
	GlobalSection(ExtensibilityGlobals) = postSolution
		SolutionGuid = {7FBF3366-F608-4C56-80CC-30C380B9073F}
	EndGlobalSection
EndGlobal
